{
  "nodes": {
    "nixpkgs": {
      "locked": {
        "lastModified": 1616379010,
        "narHash": "sha256-E55i8UD22BVJVcjaqFv5SkhyZHa05lIYE8NXDFwgPpk=",
        "owner": "NixOS",
        "repo": "nixpkgs",
        "rev": "342c7e724eb7fb1f60da3eaf082cfe6ea0df1e8f",
        "type": "github"
      },
      "original": {
        "owner": "NixOS",
        "repo": "nixpkgs",
        "type": "github"
      }
    },
    "root": {
      "inputs": {
        "nixpkgs": "nixpkgs",
        "utils": "utils"
      }
    },
    "utils": {
      "locked": {
        "lastModified": 1614513358,
        "narHash": "sha256-LakhOx3S1dRjnh0b5Dg3mbZyH0ToC9I8Y2wKSkBaTzU=",
        "owner": "numtide",
        "repo": "flake-utils",
        "rev": "5466c5bbece17adaab2d82fae80b46e807611bf3",
        "type": "github"
      },
      "original": {
        "owner": "numtide",
        "repo": "flake-utils",
        "type": "github"
      }
    }
  },
  "root": "root",
  "version": 7
}
