{
  "nodes": {
    "nixpkgs": {
      "locked": {
        "lastModified": 1632776608,
        "narHash": "sha256-9l30gtVNCNcP7bJHlXMx4NyrUHdME85nUj4jGg8PCGo=",
        "owner": "NixOS",
        "repo": "nixpkgs",
        "rev": "99a1d8ef57edd53b5bf957aa1e9d2898bc987f4d",
        "type": "github"
      },
      "original": {
        "owner": "NixOS",
        "repo": "nixpkgs",
        "type": "github"
      }
    },
    "root": {
      "inputs": {
        "nixpkgs": "nixpkgs",
        "utils": "utils"
      }
    },
    "utils": {
      "locked": {
        "lastModified": 1631561581,
        "narHash": "sha256-3VQMV5zvxaVLvqqUrNz3iJelLw30mIVSfZmAaauM3dA=",
        "owner": "numtide",
        "repo": "flake-utils",
        "rev": "7e5bf3925f6fbdfaf50a2a7ca0be2879c4261d19",
        "type": "github"
      },
      "original": {
        "owner": "numtide",
        "repo": "flake-utils",
        "type": "github"
      }
    }
  },
  "root": "root",
  "version": 7
}
